// !$*UTF8*$!
{
	archiveVersion = 1;
	classes = {
	};
	objectVersion = 50;
	objects = {

/* Begin PBXBuildFile section */
		BC4E410E263FED8F00021015 /* AppDelegate.swift in Sources */ = {isa = PBXBuildFile; fileRef = BC4E410D263FED8F00021015 /* AppDelegate.swift */; };
		BC4E4110263FED8F00021015 /* SceneDelegate.swift in Sources */ = {isa = PBXBuildFile; fileRef = BC4E410F263FED8F00021015 /* SceneDelegate.swift */; };
		BC4E4112263FED8F00021015 /* ContentView.swift in Sources */ = {isa = PBXBuildFile; fileRef = BC4E4111263FED8F00021015 /* ContentView.swift */; };
		BC4E4114263FED9100021015 /* Assets.xcassets in Resources */ = {isa = PBXBuildFile; fileRef = BC4E4113263FED9100021015 /* Assets.xcassets */; };
		BC4E4117263FED9100021015 /* Preview Assets.xcassets in Resources */ = {isa = PBXBuildFile; fileRef = BC4E4116263FED9100021015 /* Preview Assets.xcassets */; };
		BC4E411A263FED9100021015 /* LaunchScreen.storyboard in Resources */ = {isa = PBXBuildFile; fileRef = BC4E4118263FED9100021015 /* LaunchScreen.storyboard */; };
		BC4E41232640039700021015 /* CardImageView.swift in Sources */ = {isa = PBXBuildFile; fileRef = BC4E41222640039700021015 /* CardImageView.swift */; };
		BC4E4125264006A000021015 /* VideoRow.swift in Sources */ = {isa = PBXBuildFile; fileRef = BC4E4124264006A000021015 /* VideoRow.swift */; };
/* End PBXBuildFile section */

/* Begin PBXFileReference section */
		BC4E410A263FED8F00021015 /* SwiftUIlearning.app */ = {isa = PBXFileReference; explicitFileType = wrapper.application; includeInIndex = 0; path = SwiftUIlearning.app; sourceTree = BUILT_PRODUCTS_DIR; };
		BC4E410D263FED8F00021015 /* AppDelegate.swift */ = {isa = PBXFileReference; lastKnownFileType = sourcecode.swift; path = AppDelegate.swift; sourceTree = "<group>"; };
		BC4E410F263FED8F00021015 /* SceneDelegate.swift */ = {isa = PBXFileReference; lastKnownFileType = sourcecode.swift; path = SceneDelegate.swift; sourceTree = "<group>"; };
		BC4E4111263FED8F00021015 /* ContentView.swift */ = {isa = PBXFileReference; lastKnownFileType = sourcecode.swift; path = ContentView.swift; sourceTree = "<group>"; };
		BC4E4113263FED9100021015 /* Assets.xcassets */ = {isa = PBXFileReference; lastKnownFileType = folder.assetcatalog; path = Assets.xcassets; sourceTree = "<group>"; };
		BC4E4116263FED9100021015 /* Preview Assets.xcassets */ = {isa = PBXFileReference; lastKnownFileType = folder.assetcatalog; path = "Preview Assets.xcassets"; sourceTree = "<group>"; };
		BC4E4119263FED9100021015 /* Base */ = {isa = PBXFileReference; lastKnownFileType = file.storyboard; name = Base; path = Base.lproj/LaunchScreen.storyboard; sourceTree = "<group>"; };
		BC4E411B263FED9100021015 /* Info.plist */ = {isa = PBXFileReference; lastKnownFileType = text.plist.xml; path = Info.plist; sourceTree = "<group>"; };
		BC4E41222640039700021015 /* CardImageView.swift */ = {isa = PBXFileReference; lastKnownFileType = sourcecode.swift; path = CardImageView.swift; sourceTree = "<group>"; };
		BC4E4124264006A000021015 /* VideoRow.swift */ = {isa = PBXFileReference; lastKnownFileType = sourcecode.swift; path = VideoRow.swift; sourceTree = "<group>"; };
/* End PBXFileReference section */

/* Begin PBXFrameworksBuildPhase section */
		BC4E4107263FED8F00021015 /* Frameworks */ = {
			isa = PBXFrameworksBuildPhase;
			buildActionMask = 2147483647;
			files = (
			);
			runOnlyForDeploymentPostprocessing = 0;
		};
/* End PBXFrameworksBuildPhase section */

/* Begin PBXGroup section */
		BC4E4101263FED8F00021015 = {
			isa = PBXGroup;
			children = (
				BC4E410C263FED8F00021015 /* SwiftUIlearning */,
				BC4E410B263FED8F00021015 /* Products */,
			);
			sourceTree = "<group>";
		};
		BC4E410B263FED8F00021015 /* Products */ = {
			isa = PBXGroup;
			children = (
				BC4E410A263FED8F00021015 /* SwiftUIlearning.app */,
			);
			name = Products;
			sourceTree = "<group>";
		};
		BC4E410C263FED8F00021015 /* SwiftUIlearning */ = {
			isa = PBXGroup;
			children = (
				BC4E41212640035500021015 /* Views */,
				BC4E410D263FED8F00021015 /* AppDelegate.swift */,
				BC4E410F263FED8F00021015 /* SceneDelegate.swift */,
				BC4E4111263FED8F00021015 /* ContentView.swift */,
				BC4E4113263FED9100021015 /* Assets.xcassets */,
				BC4E4118263FED9100021015 /* LaunchScreen.storyboard */,
				BC4E411B263FED9100021015 /* Info.plist */,
				BC4E4115263FED9100021015 /* Preview Content */,
			);
			path = SwiftUIlearning;
			sourceTree = "<group>";
		};
		BC4E4115263FED9100021015 /* Preview Content */ = {
			isa = PBXGroup;
			children = (
				BC4E4116263FED9100021015 /* Preview Assets.xcassets */,
			);
			path = "Preview Content";
			sourceTree = "<group>";
		};
		BC4E41212640035500021015 /* Views */ = {
			isa = PBXGroup;
			children = (
				BC4E41222640039700021015 /* CardImageView.swift */,
				BC4E4124264006A000021015 /* VideoRow.swift */,
			);
			path = Views;
			sourceTree = "<group>";
		};
/* End PBXGroup section */

/* Begin PBXNativeTarget section */
		BC4E4109263FED8F00021015 /* SwiftUIlearning */ = {
			isa = PBXNativeTarget;
			buildConfigurationList = BC4E411E263FED9100021015 /* Build configuration list for PBXNativeTarget "SwiftUIlearning" */;
			buildPhases = (
				BC4E4106263FED8F00021015 /* Sources */,
				BC4E4107263FED8F00021015 /* Frameworks */,
				BC4E4108263FED8F00021015 /* Resources */,
			);
			buildRules = (
			);
			dependencies = (
			);
			name = SwiftUIlearning;
			productName = SwiftUIlearning;
			productReference = BC4E410A263FED8F00021015 /* SwiftUIlearning.app */;
			productType = "com.apple.product-type.application";
		};
/* End PBXNativeTarget section */

/* Begin PBXProject section */
		BC4E4102263FED8F00021015 /* Project object */ = {
			isa = PBXProject;
			attributes = {
				LastSwiftUpdateCheck = 1100;
				LastUpgradeCheck = 1100;
				ORGANIZATIONNAME = "Monique Shaqiri";
				TargetAttributes = {
					BC4E4109263FED8F00021015 = {
						CreatedOnToolsVersion = 11.0;
					};
				};
			};
			buildConfigurationList = BC4E4105263FED8F00021015 /* Build configuration list for PBXProject "SwiftUIlearning" */;
			compatibilityVersion = "Xcode 9.3";
			developmentRegion = en;
			hasScannedForEncodings = 0;
			knownRegions = (
				en,
				Base,
			);
			mainGroup = BC4E4101263FED8F00021015;
			productRefGroup = BC4E410B263FED8F00021015 /* Products */;
			projectDirPath = "";
			projectRoot = "";
			targets = (
				BC4E4109263FED8F00021015 /* SwiftUIlearning */,
			);
		};
/* End PBXProject section */

/* Begin PBXResourcesBuildPhase section */
		BC4E4108263FED8F00021015 /* Resources */ = {
			isa = PBXResourcesBuildPhase;
			buildActionMask = 2147483647;
			files = (
				BC4E411A263FED9100021015 /* LaunchScreen.storyboard in Resources */,
				BC4E4117263FED9100021015 /* Preview Assets.xcassets in Resources */,
				BC4E4114263FED9100021015 /* Assets.xcassets in Resources */,
			);
			runOnlyForDeploymentPostprocessing = 0;
		};
/* End PBXResourcesBuildPhase section */

/* Begin PBXSourcesBuildPhase section */
		BC4E4106263FED8F00021015 /* Sources */ = {
			isa = PBXSourcesBuildPhase;
			buildActionMask = 2147483647;
			files = (
				BC4E410E263FED8F00021015 /* AppDelegate.swift in Sources */,
				BC4E4110263FED8F00021015 /* SceneDelegate.swift in Sources */,
				BC4E4125264006A000021015 /* VideoRow.swift in Sources */,
				BC4E41232640039700021015 /* CardImageView.swift in Sources */,
				BC4E4112263FED8F00021015 /* ContentView.swift in Sources */,
			);
			runOnlyForDeploymentPostprocessing = 0;
		};
/* End PBXSourcesBuildPhase section */

/* Begin PBXVariantGroup section */
		BC4E4118263FED9100021015 /* LaunchScreen.storyboard */ = {
			isa = PBXVariantGroup;
			children = (
				BC4E4119263FED9100021015 /* Base */,
			);
			name = LaunchScreen.storyboard;
			sourceTree = "<group>";
		};
/* End PBXVariantGroup section */

/* Begin XCBuildConfiguration section */
		BC4E411C263FED9100021015 /* Debug */ = {
			isa = XCBuildConfiguration;
			buildSettings = {
				ALWAYS_SEARCH_USER_PATHS = NO;
				CLANG_ANALYZER_NONNULL = YES;
				CLANG_ANALYZER_NUMBER_OBJECT_CONVERSION = YES_AGGRESSIVE;
				CLANG_CXX_LANGUAGE_STANDARD = "gnu++14";
				CLANG_CXX_LIBRARY = "libc++";
				CLANG_ENABLE_MODULES = YES;
				CLANG_ENABLE_OBJC_ARC = YES;
				CLANG_ENABLE_OBJC_WEAK = YES;
				CLANG_WARN_BLOCK_CAPTURE_AUTORELEASING = YES;
				CLANG_WARN_BOOL_CONVERSION = YES;
				CLANG_WARN_COMMA = YES;
				CLANG_WARN_CONSTANT_CONVERSION = YES;
				CLANG_WARN_DEPRECATED_OBJC_IMPLEMENTATIONS = YES;
				CLANG_WARN_DIRECT_OBJC_ISA_USAGE = YES_ERROR;
				CLANG_WARN_DOCUMENTATION_COMMENTS = YES;
				CLANG_WARN_EMPTY_BODY = YES;
				CLANG_WARN_ENUM_CONVERSION = YES;
				CLANG_WARN_INFINITE_RECURSION = YES;
				CLANG_WARN_INT_CONVERSION = YES;
				CLANG_WARN_NON_LITERAL_NULL_CONVERSION = YES;
				CLANG_WARN_OBJC_IMPLICIT_RETAIN_SELF = YES;
				CLANG_WARN_OBJC_LITERAL_CONVERSION = YES;
				CLANG_WARN_OBJC_ROOT_CLASS = YES_ERROR;
				CLANG_WARN_RANGE_LOOP_ANALYSIS = YES;
				CLANG_WARN_STRICT_PROTOTYPES = YES;
				CLANG_WARN_SUSPICIOUS_MOVE = YES;
				CLANG_WARN_UNGUARDED_AVAILABILITY = YES_AGGRESSIVE;
				CLANG_WARN_UNREACHABLE_CODE = YES;
				CLANG_WARN__DUPLICATE_METHOD_MATCH = YES;
				COPY_PHASE_STRIP = NO;
				DEBUG_INFORMATION_FORMAT = dwarf;
				ENABLE_STRICT_OBJC_MSGSEND = YES;
				ENABLE_TESTABILITY = YES;
				GCC_C_LANGUAGE_STANDARD = gnu11;
				GCC_DYNAMIC_NO_PIC = NO;
				GCC_NO_COMMON_BLOCKS = YES;
				GCC_OPTIMIZATION_LEVEL = 0;
				GCC_PREPROCESSOR_DEFINITIONS = (
					"DEBUG=1",
					"$(inherited)",
				);
				GCC_WARN_64_TO_32_BIT_CONVERSION = YES;
				GCC_WARN_ABOUT_RETURN_TYPE = YES_ERROR;
				GCC_WARN_UNDECLARED_SELECTOR = YES;
				GCC_WARN_UNINITIALIZED_AUTOS = YES_AGGRESSIVE;
				GCC_WARN_UNUSED_FUNCTION = YES;
				GCC_WARN_UNUSED_VARIABLE = YES;
				IPHONEOS_DEPLOYMENT_TARGET = 13.0;
				MTL_ENABLE_DEBUG_INFO = INCLUDE_SOURCE;
				MTL_FAST_MATH = YES;
				ONLY_ACTIVE_ARCH = YES;
				SDKROOT = iphoneos;
				SWIFT_ACTIVE_COMPILATION_CONDITIONS = DEBUG;
				SWIFT_OPTIMIZATION_LEVEL = "-Onone";
			};
			name = Debug;
		};
		BC4E411D263FED9100021015 /* Release */ = {
			isa = XCBuildConfiguration;
			buildSettings = {
				ALWAYS_SEARCH_USER_PATHS = NO;
				CLANG_ANALYZER_NONNULL = YES;
				CLANG_ANALYZER_NUMBER_OBJECT_CONVERSION = YES_AGGRESSIVE;
				CLANG_CXX_LANGUAGE_STANDARD = "gnu++14";
				CLANG_CXX_LIBRARY = "libc++";
				CLANG_ENABLE_MODULES = YES;
				CLANG_ENABLE_OBJC_ARC = YES;
				CLANG_ENABLE_OBJC_WEAK = YES;
				CLANG_WARN_BLOCK_CAPTURE_AUTORELEASING = YES;
				CLANG_WARN_BOOL_CONVERSION = YES;
				CLANG_WARN_COMMA = YES;
				CLANG_WARN_CONSTANT_CONVERSION = YES;
				CLANG_WARN_DEPRECATED_OBJC_IMPLEMENTATIONS = YES;
				CLANG_WARN_DIRECT_OBJC_ISA_USAGE = YES_ERROR;
				CLANG_WARN_DOCUMENTATION_COMMENTS = YES;
				CLANG_WARN_EMPTY_BODY = YES;
				CLANG_WARN_ENUM_CONVERSION = YES;
				CLANG_WARN_INFINITE_RECURSION = YES;
				CLANG_WARN_INT_CONVERSION = YES;
				CLANG_WARN_NON_LITERAL_NULL_CONVERSION = YES;
				CLANG_WARN_OBJC_IMPLICIT_RETAIN_SELF = YES;
				CLANG_WARN_OBJC_LITERAL_CONVERSION = YES;
				CLANG_WARN_OBJC_ROOT_CLASS = YES_ERROR;
				CLANG_WARN_RANGE_LOOP_ANALYSIS = YES;
				CLANG_WARN_STRICT_PROTOTYPES = YES;
				CLANG_WARN_SUSPICIOUS_MOVE = YES;
				CLANG_WARN_UNGUARDED_AVAILABILITY = YES_AGGRESSIVE;
				CLANG_WARN_UNREACHABLE_CODE = YES;
				CLANG_WARN__DUPLICATE_METHOD_MATCH = YES;
				COPY_PHASE_STRIP = NO;
				DEBUG_INFORMATION_FORMAT = "dwarf-with-dsym";
				ENABLE_NS_ASSERTIONS = NO;
				ENABLE_STRICT_OBJC_MSGSEND = YES;
				GCC_C_LANGUAGE_STANDARD = gnu11;
				GCC_NO_COMMON_BLOCKS = YES;
				GCC_WARN_64_TO_32_BIT_CONVERSION = YES;
				GCC_WARN_ABOUT_RETURN_TYPE = YES_ERROR;
				GCC_WARN_UNDECLARED_SELECTOR = YES;
				GCC_WARN_UNINITIALIZED_AUTOS = YES_AGGRESSIVE;
				GCC_WARN_UNUSED_FUNCTION = YES;
				GCC_WARN_UNUSED_VARIABLE = YES;
				IPHONEOS_DEPLOYMENT_TARGET = 13.0;
				MTL_ENABLE_DEBUG_INFO = NO;
				MTL_FAST_MATH = YES;
				SDKROOT = iphoneos;
				SWIFT_COMPILATION_MODE = wholemodule;
				SWIFT_OPTIMIZATION_LEVEL = "-O";
				VALIDATE_PRODUCT = YES;
			};
			name = Release;
		};
		BC4E411F263FED9100021015 /* Debug */ = {
			isa = XCBuildConfiguration;
			buildSettings = {
				ASSETCATALOG_COMPILER_APPICON_NAME = AppIcon;
				CODE_SIGN_STYLE = Automatic;
				DEVELOPMENT_ASSET_PATHS = "\"SwiftUIlearning/Preview Content\"";
				DEVELOPMENT_TEAM = PJBAA344QW;
				ENABLE_PREVIEWS = YES;
				INFOPLIST_FILE = SwiftUIlearning/Info.plist;
				LD_RUNPATH_SEARCH_PATHS = (
					"$(inherited)",
					"@executable_path/Frameworks",
				);
				PRODUCT_BUNDLE_IDENTIFIER = "com.Softwareengineering-S.SwiftUIlearning";
				PRODUCT_NAME = "$(TARGET_NAME)";
				SWIFT_VERSION = 5.0;
				TARGETED_DEVICE_FAMILY = "1,2";
			};
			name = Debug;
		};
		BC4E4120263FED9100021015 /* Release */ = {
			isa = XCBuildConfiguration;
			buildSettings = {
				ASSETCATALOG_COMPILER_APPICON_NAME = AppIcon;
				CODE_SIGN_STYLE = Automatic;
				DEVELOPMENT_ASSET_PATHS = "\"SwiftUIlearning/Preview Content\"";
				DEVELOPMENT_TEAM = PJBAA344QW;
				ENABLE_PREVIEWS = YES;
				INFOPLIST_FILE = SwiftUIlearning/Info.plist;
				LD_RUNPATH_SEARCH_PATHS = (
					"$(inherited)",
					"@executable_path/Frameworks",
				);
				PRODUCT_BUNDLE_IDENTIFIER = "com.Softwareengineering-S.SwiftUIlearning";
				PRODUCT_NAME = "$(TARGET_NAME)";
				SWIFT_VERSION = 5.0;
				TARGETED_DEVICE_FAMILY = "1,2";
			};
			name = Release;
		};
/* End XCBuildConfiguration section */

/* Begin XCConfigurationList section */
		BC4E4105263FED8F00021015 /* Build configuration list for PBXProject "SwiftUIlearning" */ = {
			isa = XCConfigurationList;
			buildConfigurations = (
				BC4E411C263FED9100021015 /* Debug */,
				BC4E411D263FED9100021015 /* Release */,
			);
			defaultConfigurationIsVisible = 0;
			defaultConfigurationName = Release;
		};
		BC4E411E263FED9100021015 /* Build configuration list for PBXNativeTarget "SwiftUIlearning" */ = {
			isa = XCConfigurationList;
			buildConfigurations = (
				BC4E411F263FED9100021015 /* Debug */,
				BC4E4120263FED9100021015 /* Release */,
			);
			defaultConfigurationIsVisible = 0;
			defaultConfigurationName = Release;
		};
/* End XCConfigurationList section */
	};
	rootObject = BC4E4102263FED8F00021015 /* Project object */;
}
